// !$*UTF8*$!
{
	archiveVersion = 1;
	classes = {
	};
	objectVersion = 50;
	objects = {

/* Begin PBXBuildFile section */
		A3DB0A312363D22700CAE2A7 /* AppDelegate.m in Sources */ = {isa = PBXBuildFile; fileRef = A3DB0A302363D22700CAE2A7 /* AppDelegate.m */; };
		A3DB0A392363D22800CAE2A7 /* Assets.xcassets in Resources */ = {isa = PBXBuildFile; fileRef = A3DB0A382363D22800CAE2A7 /* Assets.xcassets */; };
		A3DB0A3C2363D22800CAE2A7 /* LaunchScreen.storyboard in Resources */ = {isa = PBXBuildFile; fileRef = A3DB0A3A2363D22800CAE2A7 /* LaunchScreen.storyboard */; };
		A3DB0A3F2363D22900CAE2A7 /* main.m in Sources */ = {isa = PBXBuildFile; fileRef = A3DB0A3E2363D22900CAE2A7 /* main.m */; };
		A3DB0A492363D22900CAE2A7 /* Youtube_ViewerTests.m in Sources */ = {isa = PBXBuildFile; fileRef = A3DB0A482363D22900CAE2A7 /* Youtube_ViewerTests.m */; };
		A3DB0A542363D22900CAE2A7 /* Youtube_ViewerUITests.m in Sources */ = {isa = PBXBuildFile; fileRef = A3DB0A532363D22900CAE2A7 /* Youtube_ViewerUITests.m */; };
/* End PBXBuildFile section */

/* Begin PBXContainerItemProxy section */
		A3DB0A452363D22900CAE2A7 /* PBXContainerItemProxy */ = {
			isa = PBXContainerItemProxy;
			containerPortal = A3DB0A242363D22600CAE2A7 /* Project object */;
			proxyType = 1;
			remoteGlobalIDString = A3DB0A2B2363D22700CAE2A7;
			remoteInfo = "Youtube Viewer";
		};
		A3DB0A502363D22900CAE2A7 /* PBXContainerItemProxy */ = {
			isa = PBXContainerItemProxy;
			containerPortal = A3DB0A242363D22600CAE2A7 /* Project object */;
			proxyType = 1;
			remoteGlobalIDString = A3DB0A2B2363D22700CAE2A7;
			remoteInfo = "Youtube Viewer";
		};
/* End PBXContainerItemProxy section */

/* Begin PBXFileReference section */
		A3DB0A2C2363D22700CAE2A7 /* Youtube Viewer.app */ = {isa = PBXFileReference; explicitFileType = wrapper.application; includeInIndex = 0; path = "Youtube Viewer.app"; sourceTree = BUILT_PRODUCTS_DIR; };
		A3DB0A2F2363D22700CAE2A7 /* AppDelegate.h */ = {isa = PBXFileReference; lastKnownFileType = sourcecode.c.h; path = AppDelegate.h; sourceTree = "<group>"; };
		A3DB0A302363D22700CAE2A7 /* AppDelegate.m */ = {isa = PBXFileReference; lastKnownFileType = sourcecode.c.objc; path = AppDelegate.m; sourceTree = "<group>"; };
		A3DB0A382363D22800CAE2A7 /* Assets.xcassets */ = {isa = PBXFileReference; lastKnownFileType = folder.assetcatalog; path = Assets.xcassets; sourceTree = "<group>"; };
		A3DB0A3B2363D22800CAE2A7 /* Base */ = {isa = PBXFileReference; lastKnownFileType = file.storyboard; name = Base; path = Base.lproj/LaunchScreen.storyboard; sourceTree = "<group>"; };
		A3DB0A3D2363D22900CAE2A7 /* Info.plist */ = {isa = PBXFileReference; lastKnownFileType = text.plist.xml; path = Info.plist; sourceTree = "<group>"; };
		A3DB0A3E2363D22900CAE2A7 /* main.m */ = {isa = PBXFileReference; lastKnownFileType = sourcecode.c.objc; path = main.m; sourceTree = "<group>"; };
		A3DB0A442363D22900CAE2A7 /* Youtube ViewerTests.xctest */ = {isa = PBXFileReference; explicitFileType = wrapper.cfbundle; includeInIndex = 0; path = "Youtube ViewerTests.xctest"; sourceTree = BUILT_PRODUCTS_DIR; };
		A3DB0A482363D22900CAE2A7 /* Youtube_ViewerTests.m */ = {isa = PBXFileReference; lastKnownFileType = sourcecode.c.objc; path = Youtube_ViewerTests.m; sourceTree = "<group>"; };
		A3DB0A4A2363D22900CAE2A7 /* Info.plist */ = {isa = PBXFileReference; lastKnownFileType = text.plist.xml; path = Info.plist; sourceTree = "<group>"; };
		A3DB0A4F2363D22900CAE2A7 /* Youtube ViewerUITests.xctest */ = {isa = PBXFileReference; explicitFileType = wrapper.cfbundle; includeInIndex = 0; path = "Youtube ViewerUITests.xctest"; sourceTree = BUILT_PRODUCTS_DIR; };
		A3DB0A532363D22900CAE2A7 /* Youtube_ViewerUITests.m */ = {isa = PBXFileReference; lastKnownFileType = sourcecode.c.objc; path = Youtube_ViewerUITests.m; sourceTree = "<group>"; };
		A3DB0A552363D22900CAE2A7 /* Info.plist */ = {isa = PBXFileReference; lastKnownFileType = text.plist.xml; path = Info.plist; sourceTree = "<group>"; };
/* End PBXFileReference section */

/* Begin PBXFrameworksBuildPhase section */
		A3DB0A292363D22700CAE2A7 /* Frameworks */ = {
			isa = PBXFrameworksBuildPhase;
			buildActionMask = 2147483647;
			files = (
			);
			runOnlyForDeploymentPostprocessing = 0;
		};
		A3DB0A412363D22900CAE2A7 /* Frameworks */ = {
			isa = PBXFrameworksBuildPhase;
			buildActionMask = 2147483647;
			files = (
			);
			runOnlyForDeploymentPostprocessing = 0;
		};
		A3DB0A4C2363D22900CAE2A7 /* Frameworks */ = {
			isa = PBXFrameworksBuildPhase;
			buildActionMask = 2147483647;
			files = (
			);
			runOnlyForDeploymentPostprocessing = 0;
		};
/* End PBXFrameworksBuildPhase section */

/* Begin PBXGroup section */
		A3DB0A232363D22600CAE2A7 = {
			isa = PBXGroup;
			children = (
				A3DB0A2E2363D22700CAE2A7 /* Youtube Viewer */,
				A3DB0A472363D22900CAE2A7 /* Youtube ViewerTests */,
				A3DB0A522363D22900CAE2A7 /* Youtube ViewerUITests */,
				A3DB0A2D2363D22700CAE2A7 /* Products */,
			);
			sourceTree = "<group>";
		};
		A3DB0A2D2363D22700CAE2A7 /* Products */ = {
			isa = PBXGroup;
			children = (
				A3DB0A2C2363D22700CAE2A7 /* Youtube Viewer.app */,
				A3DB0A442363D22900CAE2A7 /* Youtube ViewerTests.xctest */,
				A3DB0A4F2363D22900CAE2A7 /* Youtube ViewerUITests.xctest */,
			);
			name = Products;
			sourceTree = "<group>";
		};
		A3DB0A2E2363D22700CAE2A7 /* Youtube Viewer */ = {
			isa = PBXGroup;
			children = (
				A3DB0A642363D2A900CAE2A7 /* Models */,
				A3DB0A632363D28A00CAE2A7 /* Controllers */,
				A3DB0A622363D27C00CAE2A7 /* Views */,
				A3DB0A612363D23600CAE2A7 /* Other */,
			);
			path = "Youtube Viewer";
			sourceTree = "<group>";
		};
		A3DB0A472363D22900CAE2A7 /* Youtube ViewerTests */ = {
			isa = PBXGroup;
			children = (
				A3DB0A482363D22900CAE2A7 /* Youtube_ViewerTests.m */,
				A3DB0A4A2363D22900CAE2A7 /* Info.plist */,
			);
			path = "Youtube ViewerTests";
			sourceTree = "<group>";
		};
		A3DB0A522363D22900CAE2A7 /* Youtube ViewerUITests */ = {
			isa = PBXGroup;
			children = (
				A3DB0A532363D22900CAE2A7 /* Youtube_ViewerUITests.m */,
				A3DB0A552363D22900CAE2A7 /* Info.plist */,
			);
			path = "Youtube ViewerUITests";
			sourceTree = "<group>";
		};
		A3DB0A612363D23600CAE2A7 /* Other */ = {
			isa = PBXGroup;
			children = (
				A3DB0A382363D22800CAE2A7 /* Assets.xcassets */,
				A3DB0A3A2363D22800CAE2A7 /* LaunchScreen.storyboard */,
				A3DB0A3D2363D22900CAE2A7 /* Info.plist */,
				A3DB0A3E2363D22900CAE2A7 /* main.m */,
				A3DB0A2F2363D22700CAE2A7 /* AppDelegate.h */,
				A3DB0A302363D22700CAE2A7 /* AppDelegate.m */,
			);
			path = Other;
			sourceTree = "<group>";
		};
		A3DB0A622363D27C00CAE2A7 /* Views */ = {
			isa = PBXGroup;
			children = (
			);
			path = Views;
			sourceTree = "<group>";
		};
		A3DB0A632363D28A00CAE2A7 /* Controllers */ = {
			isa = PBXGroup;
			children = (
			);
			path = Controllers;
			sourceTree = "<group>";
		};
		A3DB0A642363D2A900CAE2A7 /* Models */ = {
			isa = PBXGroup;
			children = (
			);
			path = Models;
			sourceTree = "<group>";
		};
/* End PBXGroup section */

/* Begin PBXNativeTarget section */
		A3DB0A2B2363D22700CAE2A7 /* Youtube Viewer */ = {
			isa = PBXNativeTarget;
			buildConfigurationList = A3DB0A582363D22900CAE2A7 /* Build configuration list for PBXNativeTarget "Youtube Viewer" */;
			buildPhases = (
				A3DB0A282363D22700CAE2A7 /* Sources */,
				A3DB0A292363D22700CAE2A7 /* Frameworks */,
				A3DB0A2A2363D22700CAE2A7 /* Resources */,
			);
			buildRules = (
			);
			dependencies = (
			);
			name = "Youtube Viewer";
			productName = "Youtube Viewer";
			productReference = A3DB0A2C2363D22700CAE2A7 /* Youtube Viewer.app */;
			productType = "com.apple.product-type.application";
		};
		A3DB0A432363D22900CAE2A7 /* Youtube ViewerTests */ = {
			isa = PBXNativeTarget;
			buildConfigurationList = A3DB0A5B2363D22900CAE2A7 /* Build configuration list for PBXNativeTarget "Youtube ViewerTests" */;
			buildPhases = (
				A3DB0A402363D22900CAE2A7 /* Sources */,
				A3DB0A412363D22900CAE2A7 /* Frameworks */,
				A3DB0A422363D22900CAE2A7 /* Resources */,
			);
			buildRules = (
			);
			dependencies = (
				A3DB0A462363D22900CAE2A7 /* PBXTargetDependency */,
			);
			name = "Youtube ViewerTests";
			productName = "Youtube ViewerTests";
			productReference = A3DB0A442363D22900CAE2A7 /* Youtube ViewerTests.xctest */;
			productType = "com.apple.product-type.bundle.unit-test";
		};
		A3DB0A4E2363D22900CAE2A7 /* Youtube ViewerUITests */ = {
			isa = PBXNativeTarget;
			buildConfigurationList = A3DB0A5E2363D22900CAE2A7 /* Build configuration list for PBXNativeTarget "Youtube ViewerUITests" */;
			buildPhases = (
				A3DB0A4B2363D22900CAE2A7 /* Sources */,
				A3DB0A4C2363D22900CAE2A7 /* Frameworks */,
				A3DB0A4D2363D22900CAE2A7 /* Resources */,
			);
			buildRules = (
			);
			dependencies = (
				A3DB0A512363D22900CAE2A7 /* PBXTargetDependency */,
			);
			name = "Youtube ViewerUITests";
			productName = "Youtube ViewerUITests";
			productReference = A3DB0A4F2363D22900CAE2A7 /* Youtube ViewerUITests.xctest */;
			productType = "com.apple.product-type.bundle.ui-testing";
		};
/* End PBXNativeTarget section */

/* Begin PBXProject section */
		A3DB0A242363D22600CAE2A7 /* Project object */ = {
			isa = PBXProject;
			attributes = {
				LastUpgradeCheck = 1030;
				ORGANIZATIONNAME = ryota;
				TargetAttributes = {
					A3DB0A2B2363D22700CAE2A7 = {
						CreatedOnToolsVersion = 10.3;
					};
					A3DB0A432363D22900CAE2A7 = {
						CreatedOnToolsVersion = 10.3;
						TestTargetID = A3DB0A2B2363D22700CAE2A7;
					};
					A3DB0A4E2363D22900CAE2A7 = {
						CreatedOnToolsVersion = 10.3;
						TestTargetID = A3DB0A2B2363D22700CAE2A7;
					};
				};
			};
			buildConfigurationList = A3DB0A272363D22600CAE2A7 /* Build configuration list for PBXProject "Youtube Viewer" */;
			compatibilityVersion = "Xcode 9.3";
			developmentRegion = en;
			hasScannedForEncodings = 0;
			knownRegions = (
				en,
				Base,
			);
			mainGroup = A3DB0A232363D22600CAE2A7;
			productRefGroup = A3DB0A2D2363D22700CAE2A7 /* Products */;
			projectDirPath = "";
			projectRoot = "";
			targets = (
				A3DB0A2B2363D22700CAE2A7 /* Youtube Viewer */,
				A3DB0A432363D22900CAE2A7 /* Youtube ViewerTests */,
				A3DB0A4E2363D22900CAE2A7 /* Youtube ViewerUITests */,
			);
		};
/* End PBXProject section */

/* Begin PBXResourcesBuildPhase section */
		A3DB0A2A2363D22700CAE2A7 /* Resources */ = {
			isa = PBXResourcesBuildPhase;
			buildActionMask = 2147483647;
			files = (
				A3DB0A3C2363D22800CAE2A7 /* LaunchScreen.storyboard in Resources */,
				A3DB0A392363D22800CAE2A7 /* Assets.xcassets in Resources */,
			);
			runOnlyForDeploymentPostprocessing = 0;
		};
		A3DB0A422363D22900CAE2A7 /* Resources */ = {
			isa = PBXResourcesBuildPhase;
			buildActionMask = 2147483647;
			files = (
			);
			runOnlyForDeploymentPostprocessing = 0;
		};
		A3DB0A4D2363D22900CAE2A7 /* Resources */ = {
			isa = PBXResourcesBuildPhase;
			buildActionMask = 2147483647;
			files = (
			);
			runOnlyForDeploymentPostprocessing = 0;
		};
/* End PBXResourcesBuildPhase section */

/* Begin PBXSourcesBuildPhase section */
		A3DB0A282363D22700CAE2A7 /* Sources */ = {
			isa = PBXSourcesBuildPhase;
			buildActionMask = 2147483647;
			files = (
				A3DB0A3F2363D22900CAE2A7 /* main.m in Sources */,
				A3DB0A312363D22700CAE2A7 /* AppDelegate.m in Sources */,
			);
			runOnlyForDeploymentPostprocessing = 0;
		};
		A3DB0A402363D22900CAE2A7 /* Sources */ = {
			isa = PBXSourcesBuildPhase;
			buildActionMask = 2147483647;
			files = (
				A3DB0A492363D22900CAE2A7 /* Youtube_ViewerTests.m in Sources */,
			);
			runOnlyForDeploymentPostprocessing = 0;
		};
		A3DB0A4B2363D22900CAE2A7 /* Sources */ = {
			isa = PBXSourcesBuildPhase;
			buildActionMask = 2147483647;
			files = (
				A3DB0A542363D22900CAE2A7 /* Youtube_ViewerUITests.m in Sources */,
			);
			runOnlyForDeploymentPostprocessing = 0;
		};
/* End PBXSourcesBuildPhase section */

/* Begin PBXTargetDependency section */
		A3DB0A462363D22900CAE2A7 /* PBXTargetDependency */ = {
			isa = PBXTargetDependency;
			target = A3DB0A2B2363D22700CAE2A7 /* Youtube Viewer */;
			targetProxy = A3DB0A452363D22900CAE2A7 /* PBXContainerItemProxy */;
		};
		A3DB0A512363D22900CAE2A7 /* PBXTargetDependency */ = {
			isa = PBXTargetDependency;
			target = A3DB0A2B2363D22700CAE2A7 /* Youtube Viewer */;
			targetProxy = A3DB0A502363D22900CAE2A7 /* PBXContainerItemProxy */;
		};
/* End PBXTargetDependency section */

/* Begin PBXVariantGroup section */
		A3DB0A3A2363D22800CAE2A7 /* LaunchScreen.storyboard */ = {
			isa = PBXVariantGroup;
			children = (
				A3DB0A3B2363D22800CAE2A7 /* Base */,
			);
			name = LaunchScreen.storyboard;
			sourceTree = "<group>";
		};
/* End PBXVariantGroup section */

/* Begin XCBuildConfiguration section */
		A3DB0A562363D22900CAE2A7 /* Debug */ = {
			isa = XCBuildConfiguration;
			buildSettings = {
				ALWAYS_SEARCH_USER_PATHS = NO;
				CLANG_ANALYZER_NONNULL = YES;
				CLANG_ANALYZER_NUMBER_OBJECT_CONVERSION = YES_AGGRESSIVE;
				CLANG_CXX_LANGUAGE_STANDARD = "gnu++14";
				CLANG_CXX_LIBRARY = "libc++";
				CLANG_ENABLE_MODULES = YES;
				CLANG_ENABLE_OBJC_ARC = YES;
				CLANG_ENABLE_OBJC_WEAK = YES;
				CLANG_WARN_BLOCK_CAPTURE_AUTORELEASING = YES;
				CLANG_WARN_BOOL_CONVERSION = YES;
				CLANG_WARN_COMMA = YES;
				CLANG_WARN_CONSTANT_CONVERSION = YES;
				CLANG_WARN_DEPRECATED_OBJC_IMPLEMENTATIONS = YES;
				CLANG_WARN_DIRECT_OBJC_ISA_USAGE = YES_ERROR;
				CLANG_WARN_DOCUMENTATION_COMMENTS = YES;
				CLANG_WARN_EMPTY_BODY = YES;
				CLANG_WARN_ENUM_CONVERSION = YES;
				CLANG_WARN_INFINITE_RECURSION = YES;
				CLANG_WARN_INT_CONVERSION = YES;
				CLANG_WARN_NON_LITERAL_NULL_CONVERSION = YES;
				CLANG_WARN_OBJC_IMPLICIT_RETAIN_SELF = YES;
				CLANG_WARN_OBJC_LITERAL_CONVERSION = YES;
				CLANG_WARN_OBJC_ROOT_CLASS = YES_ERROR;
				CLANG_WARN_RANGE_LOOP_ANALYSIS = YES;
				CLANG_WARN_STRICT_PROTOTYPES = YES;
				CLANG_WARN_SUSPICIOUS_MOVE = YES;
				CLANG_WARN_UNGUARDED_AVAILABILITY = YES_AGGRESSIVE;
				CLANG_WARN_UNREACHABLE_CODE = YES;
				CLANG_WARN__DUPLICATE_METHOD_MATCH = YES;
				CODE_SIGN_IDENTITY = "iPhone Developer";
				COPY_PHASE_STRIP = NO;
				DEBUG_INFORMATION_FORMAT = dwarf;
				ENABLE_STRICT_OBJC_MSGSEND = YES;
				ENABLE_TESTABILITY = YES;
				GCC_C_LANGUAGE_STANDARD = gnu11;
				GCC_DYNAMIC_NO_PIC = NO;
				GCC_NO_COMMON_BLOCKS = YES;
				GCC_OPTIMIZATION_LEVEL = 0;
				GCC_PREPROCESSOR_DEFINITIONS = (
					"DEBUG=1",
					"$(inherited)",
				);
				GCC_WARN_64_TO_32_BIT_CONVERSION = YES;
				GCC_WARN_ABOUT_RETURN_TYPE = YES_ERROR;
				GCC_WARN_UNDECLARED_SELECTOR = YES;
				GCC_WARN_UNINITIALIZED_AUTOS = YES_AGGRESSIVE;
				GCC_WARN_UNUSED_FUNCTION = YES;
				GCC_WARN_UNUSED_VARIABLE = YES;
				IPHONEOS_DEPLOYMENT_TARGET = 12.4;
				MTL_ENABLE_DEBUG_INFO = INCLUDE_SOURCE;
				MTL_FAST_MATH = YES;
				ONLY_ACTIVE_ARCH = YES;
				SDKROOT = iphoneos;
			};
			name = Debug;
		};
		A3DB0A572363D22900CAE2A7 /* Release */ = {
			isa = XCBuildConfiguration;
			buildSettings = {
				ALWAYS_SEARCH_USER_PATHS = NO;
				CLANG_ANALYZER_NONNULL = YES;
				CLANG_ANALYZER_NUMBER_OBJECT_CONVERSION = YES_AGGRESSIVE;
				CLANG_CXX_LANGUAGE_STANDARD = "gnu++14";
				CLANG_CXX_LIBRARY = "libc++";
				CLANG_ENABLE_MODULES = YES;
				CLANG_ENABLE_OBJC_ARC = YES;
				CLANG_ENABLE_OBJC_WEAK = YES;
				CLANG_WARN_BLOCK_CAPTURE_AUTORELEASING = YES;
				CLANG_WARN_BOOL_CONVERSION = YES;
				CLANG_WARN_COMMA = YES;
				CLANG_WARN_CONSTANT_CONVERSION = YES;
				CLANG_WARN_DEPRECATED_OBJC_IMPLEMENTATIONS = YES;
				CLANG_WARN_DIRECT_OBJC_ISA_USAGE = YES_ERROR;
				CLANG_WARN_DOCUMENTATION_COMMENTS = YES;
				CLANG_WARN_EMPTY_BODY = YES;
				CLANG_WARN_ENUM_CONVERSION = YES;
				CLANG_WARN_INFINITE_RECURSION = YES;
				CLANG_WARN_INT_CONVERSION = YES;
				CLANG_WARN_NON_LITERAL_NULL_CONVERSION = YES;
				CLANG_WARN_OBJC_IMPLICIT_RETAIN_SELF = YES;
				CLANG_WARN_OBJC_LITERAL_CONVERSION = YES;
				CLANG_WARN_OBJC_ROOT_CLASS = YES_ERROR;
				CLANG_WARN_RANGE_LOOP_ANALYSIS = YES;
				CLANG_WARN_STRICT_PROTOTYPES = YES;
				CLANG_WARN_SUSPICIOUS_MOVE = YES;
				CLANG_WARN_UNGUARDED_AVAILABILITY = YES_AGGRESSIVE;
				CLANG_WARN_UNREACHABLE_CODE = YES;
				CLANG_WARN__DUPLICATE_METHOD_MATCH = YES;
				CODE_SIGN_IDENTITY = "iPhone Developer";
				COPY_PHASE_STRIP = NO;
				DEBUG_INFORMATION_FORMAT = "dwarf-with-dsym";
				ENABLE_NS_ASSERTIONS = NO;
				ENABLE_STRICT_OBJC_MSGSEND = YES;
				GCC_C_LANGUAGE_STANDARD = gnu11;
				GCC_NO_COMMON_BLOCKS = YES;
				GCC_WARN_64_TO_32_BIT_CONVERSION = YES;
				GCC_WARN_ABOUT_RETURN_TYPE = YES_ERROR;
				GCC_WARN_UNDECLARED_SELECTOR = YES;
				GCC_WARN_UNINITIALIZED_AUTOS = YES_AGGRESSIVE;
				GCC_WARN_UNUSED_FUNCTION = YES;
				GCC_WARN_UNUSED_VARIABLE = YES;
				IPHONEOS_DEPLOYMENT_TARGET = 12.4;
				MTL_ENABLE_DEBUG_INFO = NO;
				MTL_FAST_MATH = YES;
				SDKROOT = iphoneos;
				VALIDATE_PRODUCT = YES;
			};
			name = Release;
		};
		A3DB0A592363D22900CAE2A7 /* Debug */ = {
			isa = XCBuildConfiguration;
			buildSettings = {
				ASSETCATALOG_COMPILER_APPICON_NAME = AppIcon;
				CODE_SIGN_STYLE = Automatic;
				DEVELOPMENT_TEAM = 5V89BB5PY3;
				INFOPLIST_FILE = "Youtube Viewer/Info.plist";
				LD_RUNPATH_SEARCH_PATHS = (
					"$(inherited)",
					"@executable_path/Frameworks",
				);
				PRODUCT_BUNDLE_IDENTIFIER = "ryotaF.Youtube-Viewer";
				PRODUCT_NAME = "$(TARGET_NAME)";
				TARGETED_DEVICE_FAMILY = "1,2";
			};
			name = Debug;
		};
		A3DB0A5A2363D22900CAE2A7 /* Release */ = {
			isa = XCBuildConfiguration;
			buildSettings = {
				ASSETCATALOG_COMPILER_APPICON_NAME = AppIcon;
				CODE_SIGN_STYLE = Automatic;
				DEVELOPMENT_TEAM = 5V89BB5PY3;
				INFOPLIST_FILE = "Youtube Viewer/Info.plist";
				LD_RUNPATH_SEARCH_PATHS = (
					"$(inherited)",
					"@executable_path/Frameworks",
				);
				PRODUCT_BUNDLE_IDENTIFIER = "ryotaF.Youtube-Viewer";
				PRODUCT_NAME = "$(TARGET_NAME)";
				TARGETED_DEVICE_FAMILY = "1,2";
			};
			name = Release;
		};
		A3DB0A5C2363D22900CAE2A7 /* Debug */ = {
			isa = XCBuildConfiguration;
			buildSettings = {
				BUNDLE_LOADER = "$(TEST_HOST)";
				CODE_SIGN_STYLE = Automatic;
				DEVELOPMENT_TEAM = 5V89BB5PY3;
				INFOPLIST_FILE = "Youtube ViewerTests/Info.plist";
				LD_RUNPATH_SEARCH_PATHS = (
					"$(inherited)",
					"@executable_path/Frameworks",
					"@loader_path/Frameworks",
				);
				PRODUCT_BUNDLE_IDENTIFIER = "ryotaF.Youtube-ViewerTests";
				PRODUCT_NAME = "$(TARGET_NAME)";
				TARGETED_DEVICE_FAMILY = "1,2";
				TEST_HOST = "$(BUILT_PRODUCTS_DIR)/Youtube Viewer.app/Youtube Viewer";
			};
			name = Debug;
		};
		A3DB0A5D2363D22900CAE2A7 /* Release */ = {
			isa = XCBuildConfiguration;
			buildSettings = {
				BUNDLE_LOADER = "$(TEST_HOST)";
				CODE_SIGN_STYLE = Automatic;
				DEVELOPMENT_TEAM = 5V89BB5PY3;
				INFOPLIST_FILE = "Youtube ViewerTests/Info.plist";
				LD_RUNPATH_SEARCH_PATHS = (
					"$(inherited)",
					"@executable_path/Frameworks",
					"@loader_path/Frameworks",
				);
				PRODUCT_BUNDLE_IDENTIFIER = "ryotaF.Youtube-ViewerTests";
				PRODUCT_NAME = "$(TARGET_NAME)";
				TARGETED_DEVICE_FAMILY = "1,2";
				TEST_HOST = "$(BUILT_PRODUCTS_DIR)/Youtube Viewer.app/Youtube Viewer";
			};
			name = Release;
		};
		A3DB0A5F2363D22900CAE2A7 /* Debug */ = {
			isa = XCBuildConfiguration;
			buildSettings = {
				CODE_SIGN_STYLE = Automatic;
				DEVELOPMENT_TEAM = 5V89BB5PY3;
				INFOPLIST_FILE = "Youtube ViewerUITests/Info.plist";
				LD_RUNPATH_SEARCH_PATHS = (
					"$(inherited)",
					"@executable_path/Frameworks",
					"@loader_path/Frameworks",
				);
				PRODUCT_BUNDLE_IDENTIFIER = "ryotaF.Youtube-ViewerUITests";
				PRODUCT_NAME = "$(TARGET_NAME)";
				TARGETED_DEVICE_FAMILY = "1,2";
				TEST_TARGET_NAME = "Youtube Viewer";
			};
			name = Debug;
		};
		A3DB0A602363D22900CAE2A7 /* Release */ = {
			isa = XCBuildConfiguration;
			buildSettings = {
				CODE_SIGN_STYLE = Automatic;
				DEVELOPMENT_TEAM = 5V89BB5PY3;
				INFOPLIST_FILE = "Youtube ViewerUITests/Info.plist";
				LD_RUNPATH_SEARCH_PATHS = (
					"$(inherited)",
					"@executable_path/Frameworks",
					"@loader_path/Frameworks",
				);
				PRODUCT_BUNDLE_IDENTIFIER = "ryotaF.Youtube-ViewerUITests";
				PRODUCT_NAME = "$(TARGET_NAME)";
				TARGETED_DEVICE_FAMILY = "1,2";
				TEST_TARGET_NAME = "Youtube Viewer";
			};
			name = Release;
		};
/* End XCBuildConfiguration section */

/* Begin XCConfigurationList section */
		A3DB0A272363D22600CAE2A7 /* Build configuration list for PBXProject "Youtube Viewer" */ = {
			isa = XCConfigurationList;
			buildConfigurations = (
				A3DB0A562363D22900CAE2A7 /* Debug */,
				A3DB0A572363D22900CAE2A7 /* Release */,
			);
			defaultConfigurationIsVisible = 0;
			defaultConfigurationName = Release;
		};
		A3DB0A582363D22900CAE2A7 /* Build configuration list for PBXNativeTarget "Youtube Viewer" */ = {
			isa = XCConfigurationList;
			buildConfigurations = (
				A3DB0A592363D22900CAE2A7 /* Debug */,
				A3DB0A5A2363D22900CAE2A7 /* Release */,
			);
			defaultConfigurationIsVisible = 0;
			defaultConfigurationName = Release;
		};
		A3DB0A5B2363D22900CAE2A7 /* Build configuration list for PBXNativeTarget "Youtube ViewerTests" */ = {
			isa = XCConfigurationList;
			buildConfigurations = (
				A3DB0A5C2363D22900CAE2A7 /* Debug */,
				A3DB0A5D2363D22900CAE2A7 /* Release */,
			);
			defaultConfigurationIsVisible = 0;
			defaultConfigurationName = Release;
		};
		A3DB0A5E2363D22900CAE2A7 /* Build configuration list for PBXNativeTarget "Youtube ViewerUITests" */ = {
			isa = XCConfigurationList;
			buildConfigurations = (
				A3DB0A5F2363D22900CAE2A7 /* Debug */,
				A3DB0A602363D22900CAE2A7 /* Release */,
			);
			defaultConfigurationIsVisible = 0;
			defaultConfigurationName = Release;
		};
/* End XCConfigurationList section */
	};
	rootObject = A3DB0A242363D22600CAE2A7 /* Project object */;
}
